
Microsoft Visual Studio Solution File, Format Version 12.00
# Visual Studio 15
VisualStudioVersion = 15.0.28307.106
MinimumVisualStudioVersion = 10.0.40219.1
Project("{FAE04EC0-301F-11D3-BF4B-00C04F79EFBC}") = "Leads.Services", "Leads.Service\Leads.Services.csproj", "{6FCF3DB5-8A2F-43B8-B1CB-AE2E7A211291}"
EndProject
Project("{FAE04EC0-301F-11D3-BF4B-00C04F79EFBC}") = "Leads.DbAdapter", "Leads.DbAdapter\Leads.DbAdapter.csproj", "{C2E47F0F-A9E8-4412-9E5D-678BFFCAD254}"
EndProject
Project("{FAE04EC0-301F-11D3-BF4B-00C04F79EFBC}") = "Leads.Models", "Leads.Models\Leads.Models.csproj", "{C17B0C04-628C-4C98-8E3E-DB1DF98661EA}"
EndProject
Project("{FAE04EC0-301F-11D3-BF4B-00C04F79EFBC}") = "Leads.Services.Tests", "Leads.Services.Tests\Leads.Services.Tests.csproj", "{DFB06F1C-A510-48F3-BC40-960C3F4B8A00}"
EndProject
Global
	GlobalSection(SolutionConfigurationPlatforms) = preSolution
		Debug|Any CPU = Debug|Any CPU
		Release|Any CPU = Release|Any CPU
	EndGlobalSection
	GlobalSection(ProjectConfigurationPlatforms) = postSolution
		{6FCF3DB5-8A2F-43B8-B1CB-AE2E7A211291}.Debug|Any CPU.ActiveCfg = Debug|Any CPU
		{6FCF3DB5-8A2F-43B8-B1CB-AE2E7A211291}.Debug|Any CPU.Build.0 = Debug|Any CPU
		{6FCF3DB5-8A2F-43B8-B1CB-AE2E7A211291}.Release|Any CPU.ActiveCfg = Release|Any CPU
		{6FCF3DB5-8A2F-43B8-B1CB-AE2E7A211291}.Release|Any CPU.Build.0 = Release|Any CPU
		{C2E47F0F-A9E8-4412-9E5D-678BFFCAD254}.Debug|Any CPU.ActiveCfg = Debug|Any CPU
		{C2E47F0F-A9E8-4412-9E5D-678BFFCAD254}.Debug|Any CPU.Build.0 = Debug|Any CPU
		{C2E47F0F-A9E8-4412-9E5D-678BFFCAD254}.Release|Any CPU.ActiveCfg = Release|Any CPU
		{C2E47F0F-A9E8-4412-9E5D-678BFFCAD254}.Release|Any CPU.Build.0 = Release|Any CPU
		{C17B0C04-628C-4C98-8E3E-DB1DF98661EA}.Debug|Any CPU.ActiveCfg = Debug|Any CPU
		{C17B0C04-628C-4C98-8E3E-DB1DF98661EA}.Debug|Any CPU.Build.0 = Debug|Any CPU
		{C17B0C04-628C-4C98-8E3E-DB1DF98661EA}.Release|Any CPU.ActiveCfg = Release|Any CPU
		{C17B0C04-628C-4C98-8E3E-DB1DF98661EA}.Release|Any CPU.Build.0 = Release|Any CPU
		{DFB06F1C-A510-48F3-BC40-960C3F4B8A00}.Debug|Any CPU.ActiveCfg = Debug|Any CPU
		{DFB06F1C-A510-48F3-BC40-960C3F4B8A00}.Debug|Any CPU.Build.0 = Debug|Any CPU
		{DFB06F1C-A510-48F3-BC40-960C3F4B8A00}.Release|Any CPU.ActiveCfg = Release|Any CPU
		{DFB06F1C-A510-48F3-BC40-960C3F4B8A00}.Release|Any CPU.Build.0 = Release|Any CPU
	EndGlobalSection
	GlobalSection(SolutionProperties) = preSolution
		HideSolutionNode = FALSE
	EndGlobalSection
	GlobalSection(ExtensibilityGlobals) = postSolution
		SolutionGuid = {8427BE6D-D362-49C3-BB40-E6571CFFFED8}
	EndGlobalSection
EndGlobal
